{
    "version": 3,
    "terraform_version": "0.11.8",
    "serial": 193,
    "lineage": "cf83ce6b-1528-a8be-b6c7-bc47998db0f8",
    "modules": [
        {
            "path": [
                "root"
            ],
            "outputs": {
                "public_addresses": {
                    "sensitive": false,
                    "type": "list",
                    "value": [
                        "172.17.0.3",
                        "172.17.0.2"
                    ]
                }
            },
            "resources": {
                "docker_container.evm-lite.0": {
                    "type": "docker_container",
                    "depends_on": [
                        "docker_network.private_network"
                    ],
                    "primary": {
                        "id": "0b457064356e94133f9a19f2ec690d378e233751d4253004cf097c34b6905a5a",
                        "attributes": {
                            "bridge": "",
                            "command.#": "1",
                            "command.0": "babble",
                            "gateway": "172.17.0.1",
                            "hostname": "node0",
                            "id": "0b457064356e94133f9a19f2ec690d378e233751d4253004cf097c34b6905a5a",
                            "image": "mosaicnetworks/evm-lite:0.1.0",
                            "ip_address": "172.17.0.3",
                            "ip_prefix_length": "16",
                            "log_driver": "json-file",
                            "must_run": "true",
                            "name": "node0",
                            "networks.#": "1",
                            "networks.3379457881": "monet",
                            "restart": "no",
                            "volumes.#": "1",
                            "volumes.2646837665.container_path": "/.evm-lite",
                            "volumes.2646837665.from_container": "",
                            "volumes.2646837665.host_path": "/home/martin/gowork/src/github.com/mosaicnetworks/evm-lite/deploy/terraform/../babble/conf/node0",
                            "volumes.2646837665.read_only": "true",
                            "volumes.2646837665.volume_name": ""
                        },
                        "meta": {},
                        "tainted": false
                    },
                    "deposed": [],
                    "provider": "provider.docker"
                },
                "docker_container.evm-lite.1": {
                    "type": "docker_container",
                    "depends_on": [
                        "docker_network.private_network"
                    ],
                    "primary": {
                        "id": "e38d4783d727121c122cb82aebfc73425fcf6f9c6682405627acb9191537b858",
                        "attributes": {
                            "bridge": "",
                            "command.#": "1",
                            "command.0": "babble",
                            "gateway": "172.17.0.1",
                            "hostname": "node1",
                            "id": "e38d4783d727121c122cb82aebfc73425fcf6f9c6682405627acb9191537b858",
                            "image": "mosaicnetworks/evm-lite:0.1.0",
                            "ip_address": "172.17.0.2",
                            "ip_prefix_length": "16",
                            "log_driver": "json-file",
                            "must_run": "true",
                            "name": "node1",
                            "networks.#": "1",
                            "networks.3379457881": "monet",
                            "restart": "no",
                            "volumes.#": "1",
                            "volumes.4082078432.container_path": "/.evm-lite",
                            "volumes.4082078432.from_container": "",
                            "volumes.4082078432.host_path": "/home/martin/gowork/src/github.com/mosaicnetworks/evm-lite/deploy/terraform/../babble/conf/node1",
                            "volumes.4082078432.read_only": "true",
                            "volumes.4082078432.volume_name": ""
                        },
                        "meta": {},
                        "tainted": false
                    },
                    "deposed": [],
                    "provider": "provider.docker"
                },
                "docker_network.private_network": {
                    "type": "docker_network",
                    "depends_on": [],
                    "primary": {
                        "id": "b75182e8f8512f0e7c58bcd957ce7f55ce77971bf3f1fd43388c2c35911f4fb9",
                        "attributes": {
                            "check_duplicate": "true",
                            "driver": "bridge",
                            "id": "b75182e8f8512f0e7c58bcd957ce7f55ce77971bf3f1fd43388c2c35911f4fb9",
                            "internal": "false",
                            "ipam_config.#": "1",
                            "ipam_config.3130635288.aux_address.%": "0",
                            "ipam_config.3130635288.gateway": "172.77.5.254",
                            "ipam_config.3130635288.ip_range": "",
                            "ipam_config.3130635288.subnet": "172.77.5.0/24",
                            "name": "monet",
                            "options.%": "0",
                            "scope": "local"
                        },
                        "meta": {},
                        "tainted": false
                    },
                    "deposed": [],
                    "provider": "provider.docker"
                }
            },
            "depends_on": []
        }
    ]
}
