{
    "version": 3,
    "terraform_version": "0.11.8",
    "serial": 215,
    "lineage": "cf83ce6b-1528-a8be-b6c7-bc47998db0f8",
    "modules": [
        {
            "path": [
                "root"
            ],
            "outputs": {
                "public_addresses": {
                    "sensitive": false,
                    "type": "list",
                    "value": [
                        "172.17.0.5",
                        "172.17.0.2",
                        "172.17.0.4",
                        "172.17.0.3"
                    ]
                }
            },
            "resources": {
                "docker_container.evm-lite.0": {
                    "type": "docker_container",
                    "depends_on": [
                        "docker_network.private_network"
                    ],
                    "primary": {
                        "id": "536004c7e3903a4287d1a34291fa795c26970c401c80f522bb199f16864f763b",
                        "attributes": {
                            "bridge": "",
                            "command.#": "1",
                            "command.0": "babble",
                            "gateway": "172.17.0.1",
                            "hostname": "node0",
                            "id": "536004c7e3903a4287d1a34291fa795c26970c401c80f522bb199f16864f763b",
                            "image": "mosaicnetworks/evm-lite:0.1.0",
                            "ip_address": "172.17.0.5",
                            "ip_prefix_length": "16",
                            "log_driver": "json-file",
                            "must_run": "true",
                            "name": "node0",
                            "networks.#": "1",
                            "networks.3379457881": "monet",
                            "restart": "no",
                            "volumes.#": "1",
                            "volumes.2646837665.container_path": "/.evm-lite",
                            "volumes.2646837665.from_container": "",
                            "volumes.2646837665.host_path": "/home/martin/gowork/src/github.com/mosaicnetworks/evm-lite/deploy/terraform/../babble/conf/node0",
                            "volumes.2646837665.read_only": "true",
                            "volumes.2646837665.volume_name": ""
                        },
                        "meta": {},
                        "tainted": false
                    },
                    "deposed": [],
                    "provider": "provider.docker"
                },
                "docker_container.evm-lite.1": {
                    "type": "docker_container",
                    "depends_on": [
                        "docker_network.private_network"
                    ],
                    "primary": {
                        "id": "ffdc72c21a593e2bf19bdd8b6ce50914552cf6288daa357d82079be7db8cc945",
                        "attributes": {
                            "bridge": "",
                            "command.#": "1",
                            "command.0": "babble",
                            "gateway": "172.17.0.1",
                            "hostname": "node1",
                            "id": "ffdc72c21a593e2bf19bdd8b6ce50914552cf6288daa357d82079be7db8cc945",
                            "image": "mosaicnetworks/evm-lite:0.1.0",
                            "ip_address": "172.17.0.2",
                            "ip_prefix_length": "16",
                            "log_driver": "json-file",
                            "must_run": "true",
                            "name": "node1",
                            "networks.#": "1",
                            "networks.3379457881": "monet",
                            "restart": "no",
                            "volumes.#": "1",
                            "volumes.4082078432.container_path": "/.evm-lite",
                            "volumes.4082078432.from_container": "",
                            "volumes.4082078432.host_path": "/home/martin/gowork/src/github.com/mosaicnetworks/evm-lite/deploy/terraform/../babble/conf/node1",
                            "volumes.4082078432.read_only": "true",
                            "volumes.4082078432.volume_name": ""
                        },
                        "meta": {},
                        "tainted": false
                    },
                    "deposed": [],
                    "provider": "provider.docker"
                },
                "docker_container.evm-lite.2": {
                    "type": "docker_container",
                    "depends_on": [
                        "docker_network.private_network"
                    ],
                    "primary": {
                        "id": "844f73fcb01b132e502997f9bdc3441ca11ad539d1b34f57073373eb4d5ae37f",
                        "attributes": {
                            "bridge": "",
                            "command.#": "1",
                            "command.0": "babble",
                            "gateway": "172.17.0.1",
                            "hostname": "node2",
                            "id": "844f73fcb01b132e502997f9bdc3441ca11ad539d1b34f57073373eb4d5ae37f",
                            "image": "mosaicnetworks/evm-lite:0.1.0",
                            "ip_address": "172.17.0.4",
                            "ip_prefix_length": "16",
                            "log_driver": "json-file",
                            "must_run": "true",
                            "name": "node2",
                            "networks.#": "1",
                            "networks.3379457881": "monet",
                            "restart": "no",
                            "volumes.#": "1",
                            "volumes.1088143139.container_path": "/.evm-lite",
                            "volumes.1088143139.from_container": "",
                            "volumes.1088143139.host_path": "/home/martin/gowork/src/github.com/mosaicnetworks/evm-lite/deploy/terraform/../babble/conf/node2",
                            "volumes.1088143139.read_only": "true",
                            "volumes.1088143139.volume_name": ""
                        },
                        "meta": {},
                        "tainted": false
                    },
                    "deposed": [],
                    "provider": "provider.docker"
                },
                "docker_container.evm-lite.3": {
                    "type": "docker_container",
                    "depends_on": [
                        "docker_network.private_network"
                    ],
                    "primary": {
                        "id": "e5dbe0b4ae476d21b3b6af48c612e009f363c9e939b3c2525a62be026ef9085e",
                        "attributes": {
                            "bridge": "",
                            "command.#": "1",
                            "command.0": "babble",
                            "gateway": "172.17.0.1",
                            "hostname": "node3",
                            "id": "e5dbe0b4ae476d21b3b6af48c612e009f363c9e939b3c2525a62be026ef9085e",
                            "image": "mosaicnetworks/evm-lite:0.1.0",
                            "ip_address": "172.17.0.3",
                            "ip_prefix_length": "16",
                            "log_driver": "json-file",
                            "must_run": "true",
                            "name": "node3",
                            "networks.#": "1",
                            "networks.3379457881": "monet",
                            "restart": "no",
                            "volumes.#": "1",
                            "volumes.777495650.container_path": "/.evm-lite",
                            "volumes.777495650.from_container": "",
                            "volumes.777495650.host_path": "/home/martin/gowork/src/github.com/mosaicnetworks/evm-lite/deploy/terraform/../babble/conf/node3",
                            "volumes.777495650.read_only": "true",
                            "volumes.777495650.volume_name": ""
                        },
                        "meta": {},
                        "tainted": false
                    },
                    "deposed": [],
                    "provider": "provider.docker"
                },
                "docker_network.private_network": {
                    "type": "docker_network",
                    "depends_on": [],
                    "primary": {
                        "id": "2da6f8077ab088584c2350749d5175a0d25322130f9d2866b5345bd669eb726c",
                        "attributes": {
                            "check_duplicate": "true",
                            "driver": "bridge",
                            "id": "2da6f8077ab088584c2350749d5175a0d25322130f9d2866b5345bd669eb726c",
                            "internal": "false",
                            "ipam_config.#": "1",
                            "ipam_config.3130635288.aux_address.%": "0",
                            "ipam_config.3130635288.gateway": "172.77.5.254",
                            "ipam_config.3130635288.ip_range": "",
                            "ipam_config.3130635288.subnet": "172.77.5.0/24",
                            "name": "monet",
                            "options.%": "0",
                            "scope": "local"
                        },
                        "meta": {},
                        "tainted": false
                    },
                    "deposed": [],
                    "provider": "provider.docker"
                }
            },
            "depends_on": []
        }
    ]
}
