{
    "version": 3,
    "terraform_version": "0.11.8",
    "serial": 201,
    "lineage": "cf83ce6b-1528-a8be-b6c7-bc47998db0f8",
    "modules": [
        {
            "path": [
                "root"
            ],
            "outputs": {
                "public_addresses": {
                    "sensitive": false,
                    "type": "list",
                    "value": [
                        "172.17.0.4",
                        "172.17.0.5",
                        "172.17.0.2",
                        "172.17.0.3"
                    ]
                }
            },
            "resources": {
                "docker_container.evm-lite.0": {
                    "type": "docker_container",
                    "depends_on": [
                        "docker_network.private_network"
                    ],
                    "primary": {
                        "id": "edadc143807b181249bfb52af4cd7a4c52e36d0911d50d31f72b52eadd06167a",
                        "attributes": {
                            "bridge": "",
                            "command.#": "1",
                            "command.0": "babble",
                            "gateway": "172.17.0.1",
                            "hostname": "node0",
                            "id": "edadc143807b181249bfb52af4cd7a4c52e36d0911d50d31f72b52eadd06167a",
                            "image": "mosaicnetworks/evm-lite:0.1.0",
                            "ip_address": "172.17.0.4",
                            "ip_prefix_length": "16",
                            "log_driver": "json-file",
                            "must_run": "true",
                            "name": "node0",
                            "networks.#": "1",
                            "networks.3379457881": "monet",
                            "restart": "no",
                            "volumes.#": "1",
                            "volumes.2646837665.container_path": "/.evm-lite",
                            "volumes.2646837665.from_container": "",
                            "volumes.2646837665.host_path": "/home/martin/gowork/src/github.com/mosaicnetworks/evm-lite/deploy/terraform/../babble/conf/node0",
                            "volumes.2646837665.read_only": "true",
                            "volumes.2646837665.volume_name": ""
                        },
                        "meta": {},
                        "tainted": false
                    },
                    "deposed": [],
                    "provider": "provider.docker"
                },
                "docker_container.evm-lite.1": {
                    "type": "docker_container",
                    "depends_on": [
                        "docker_network.private_network"
                    ],
                    "primary": {
                        "id": "02885c1862e8ac6a1c482bccc6dcd22801df4a10b16711322fb856d210a45d75",
                        "attributes": {
                            "bridge": "",
                            "command.#": "1",
                            "command.0": "babble",
                            "gateway": "172.17.0.1",
                            "hostname": "node1",
                            "id": "02885c1862e8ac6a1c482bccc6dcd22801df4a10b16711322fb856d210a45d75",
                            "image": "mosaicnetworks/evm-lite:0.1.0",
                            "ip_address": "172.17.0.5",
                            "ip_prefix_length": "16",
                            "log_driver": "json-file",
                            "must_run": "true",
                            "name": "node1",
                            "networks.#": "1",
                            "networks.3379457881": "monet",
                            "restart": "no",
                            "volumes.#": "1",
                            "volumes.4082078432.container_path": "/.evm-lite",
                            "volumes.4082078432.from_container": "",
                            "volumes.4082078432.host_path": "/home/martin/gowork/src/github.com/mosaicnetworks/evm-lite/deploy/terraform/../babble/conf/node1",
                            "volumes.4082078432.read_only": "true",
                            "volumes.4082078432.volume_name": ""
                        },
                        "meta": {},
                        "tainted": false
                    },
                    "deposed": [],
                    "provider": "provider.docker"
                },
                "docker_container.evm-lite.2": {
                    "type": "docker_container",
                    "depends_on": [
                        "docker_network.private_network"
                    ],
                    "primary": {
                        "id": "ebf65319d2fe37599e49ed759649fb23d1ad658a26f823211a680a33de8b0b67",
                        "attributes": {
                            "bridge": "",
                            "command.#": "1",
                            "command.0": "babble",
                            "gateway": "172.17.0.1",
                            "hostname": "node2",
                            "id": "ebf65319d2fe37599e49ed759649fb23d1ad658a26f823211a680a33de8b0b67",
                            "image": "mosaicnetworks/evm-lite:0.1.0",
                            "ip_address": "172.17.0.2",
                            "ip_prefix_length": "16",
                            "log_driver": "json-file",
                            "must_run": "true",
                            "name": "node2",
                            "networks.#": "1",
                            "networks.3379457881": "monet",
                            "restart": "no",
                            "volumes.#": "1",
                            "volumes.1088143139.container_path": "/.evm-lite",
                            "volumes.1088143139.from_container": "",
                            "volumes.1088143139.host_path": "/home/martin/gowork/src/github.com/mosaicnetworks/evm-lite/deploy/terraform/../babble/conf/node2",
                            "volumes.1088143139.read_only": "true",
                            "volumes.1088143139.volume_name": ""
                        },
                        "meta": {},
                        "tainted": false
                    },
                    "deposed": [],
                    "provider": "provider.docker"
                },
                "docker_container.evm-lite.3": {
                    "type": "docker_container",
                    "depends_on": [
                        "docker_network.private_network"
                    ],
                    "primary": {
                        "id": "88fa2d47ffb3b61c5252e250dd374417f8bb4fb894d40325a84633995f2c2d4e",
                        "attributes": {
                            "bridge": "",
                            "command.#": "1",
                            "command.0": "babble",
                            "gateway": "172.17.0.1",
                            "hostname": "node3",
                            "id": "88fa2d47ffb3b61c5252e250dd374417f8bb4fb894d40325a84633995f2c2d4e",
                            "image": "mosaicnetworks/evm-lite:0.1.0",
                            "ip_address": "172.17.0.3",
                            "ip_prefix_length": "16",
                            "log_driver": "json-file",
                            "must_run": "true",
                            "name": "node3",
                            "networks.#": "1",
                            "networks.3379457881": "monet",
                            "restart": "no",
                            "volumes.#": "1",
                            "volumes.777495650.container_path": "/.evm-lite",
                            "volumes.777495650.from_container": "",
                            "volumes.777495650.host_path": "/home/martin/gowork/src/github.com/mosaicnetworks/evm-lite/deploy/terraform/../babble/conf/node3",
                            "volumes.777495650.read_only": "true",
                            "volumes.777495650.volume_name": ""
                        },
                        "meta": {},
                        "tainted": false
                    },
                    "deposed": [],
                    "provider": "provider.docker"
                },
                "docker_network.private_network": {
                    "type": "docker_network",
                    "depends_on": [],
                    "primary": {
                        "id": "d265dc96e1d164642d4e7cba9c41108bc140fe8b135efcc3a028b7895091c586",
                        "attributes": {
                            "check_duplicate": "true",
                            "driver": "bridge",
                            "id": "d265dc96e1d164642d4e7cba9c41108bc140fe8b135efcc3a028b7895091c586",
                            "internal": "false",
                            "ipam_config.#": "1",
                            "ipam_config.3130635288.aux_address.%": "0",
                            "ipam_config.3130635288.gateway": "172.77.5.254",
                            "ipam_config.3130635288.ip_range": "",
                            "ipam_config.3130635288.subnet": "172.77.5.0/24",
                            "name": "monet",
                            "options.%": "0",
                            "scope": "local"
                        },
                        "meta": {},
                        "tainted": false
                    },
                    "deposed": [],
                    "provider": "provider.docker"
                }
            },
            "depends_on": []
        }
    ]
}
