{
    "version": 3,
    "terraform_version": "0.11.8",
    "serial": 205,
    "lineage": "cf83ce6b-1528-a8be-b6c7-bc47998db0f8",
    "modules": [
        {
            "path": [
                "root"
            ],
            "outputs": {
                "public_addresses": {
                    "sensitive": false,
                    "type": "list",
                    "value": [
                        "172.17.0.5",
                        "172.17.0.3",
                        "172.17.0.2",
                        "172.17.0.4"
                    ]
                }
            },
            "resources": {
                "docker_container.evm-lite.0": {
                    "type": "docker_container",
                    "depends_on": [
                        "docker_network.private_network"
                    ],
                    "primary": {
                        "id": "f1577745c354a23aa2ec9d7f98c9d67c3ab8124548937742067f53444ae33167",
                        "attributes": {
                            "bridge": "",
                            "command.#": "1",
                            "command.0": "babble",
                            "gateway": "172.17.0.1",
                            "hostname": "node0",
                            "id": "f1577745c354a23aa2ec9d7f98c9d67c3ab8124548937742067f53444ae33167",
                            "image": "mosaicnetworks/evm-lite:0.1.0",
                            "ip_address": "172.17.0.5",
                            "ip_prefix_length": "16",
                            "log_driver": "json-file",
                            "must_run": "true",
                            "name": "node0",
                            "networks.#": "1",
                            "networks.3379457881": "monet",
                            "restart": "no",
                            "volumes.#": "1",
                            "volumes.3834897175.container_path": "/evm-lite",
                            "volumes.3834897175.from_container": "",
                            "volumes.3834897175.host_path": "/home/martin/gowork/src/github.com/mosaicnetworks/evm-lite/deploy/terraform/../babble/conf/node0",
                            "volumes.3834897175.read_only": "true",
                            "volumes.3834897175.volume_name": ""
                        },
                        "meta": {},
                        "tainted": false
                    },
                    "deposed": [],
                    "provider": "provider.docker"
                },
                "docker_container.evm-lite.1": {
                    "type": "docker_container",
                    "depends_on": [
                        "docker_network.private_network"
                    ],
                    "primary": {
                        "id": "4105d72697ea6a66ea09e9b0d9485e5f9bf86ee030d31646136c14728e4c0054",
                        "attributes": {
                            "bridge": "",
                            "command.#": "1",
                            "command.0": "babble",
                            "gateway": "172.17.0.1",
                            "hostname": "node1",
                            "id": "4105d72697ea6a66ea09e9b0d9485e5f9bf86ee030d31646136c14728e4c0054",
                            "image": "mosaicnetworks/evm-lite:0.1.0",
                            "ip_address": "172.17.0.3",
                            "ip_prefix_length": "16",
                            "log_driver": "json-file",
                            "must_run": "true",
                            "name": "node1",
                            "networks.#": "1",
                            "networks.3379457881": "monet",
                            "restart": "no",
                            "volumes.#": "1",
                            "volumes.2317350998.container_path": "/evm-lite",
                            "volumes.2317350998.from_container": "",
                            "volumes.2317350998.host_path": "/home/martin/gowork/src/github.com/mosaicnetworks/evm-lite/deploy/terraform/../babble/conf/node1",
                            "volumes.2317350998.read_only": "true",
                            "volumes.2317350998.volume_name": ""
                        },
                        "meta": {},
                        "tainted": false
                    },
                    "deposed": [],
                    "provider": "provider.docker"
                },
                "docker_container.evm-lite.2": {
                    "type": "docker_container",
                    "depends_on": [
                        "docker_network.private_network"
                    ],
                    "primary": {
                        "id": "73698140a0a62113a88f7c01d98e5741a1ffa0999901663cb384660bd37b7d08",
                        "attributes": {
                            "bridge": "",
                            "command.#": "1",
                            "command.0": "babble",
                            "gateway": "172.17.0.1",
                            "hostname": "node2",
                            "id": "73698140a0a62113a88f7c01d98e5741a1ffa0999901663cb384660bd37b7d08",
                            "image": "mosaicnetworks/evm-lite:0.1.0",
                            "ip_address": "172.17.0.2",
                            "ip_prefix_length": "16",
                            "log_driver": "json-file",
                            "must_run": "true",
                            "name": "node2",
                            "networks.#": "1",
                            "networks.3379457881": "monet",
                            "restart": "no",
                            "volumes.#": "1",
                            "volumes.965465493.container_path": "/evm-lite",
                            "volumes.965465493.from_container": "",
                            "volumes.965465493.host_path": "/home/martin/gowork/src/github.com/mosaicnetworks/evm-lite/deploy/terraform/../babble/conf/node2",
                            "volumes.965465493.read_only": "true",
                            "volumes.965465493.volume_name": ""
                        },
                        "meta": {},
                        "tainted": false
                    },
                    "deposed": [],
                    "provider": "provider.docker"
                },
                "docker_container.evm-lite.3": {
                    "type": "docker_container",
                    "depends_on": [
                        "docker_network.private_network"
                    ],
                    "primary": {
                        "id": "5d2aa010d7953f74d1aa85d3f2d6dc6797e8dd0f7a98d7174333342bad7b0f15",
                        "attributes": {
                            "bridge": "",
                            "command.#": "1",
                            "command.0": "babble",
                            "gateway": "172.17.0.1",
                            "hostname": "node3",
                            "id": "5d2aa010d7953f74d1aa85d3f2d6dc6797e8dd0f7a98d7174333342bad7b0f15",
                            "image": "mosaicnetworks/evm-lite:0.1.0",
                            "ip_address": "172.17.0.4",
                            "ip_prefix_length": "16",
                            "log_driver": "json-file",
                            "must_run": "true",
                            "name": "node3",
                            "networks.#": "1",
                            "networks.3379457881": "monet",
                            "restart": "no",
                            "volumes.#": "1",
                            "volumes.1460129492.container_path": "/evm-lite",
                            "volumes.1460129492.from_container": "",
                            "volumes.1460129492.host_path": "/home/martin/gowork/src/github.com/mosaicnetworks/evm-lite/deploy/terraform/../babble/conf/node3",
                            "volumes.1460129492.read_only": "true",
                            "volumes.1460129492.volume_name": ""
                        },
                        "meta": {},
                        "tainted": false
                    },
                    "deposed": [],
                    "provider": "provider.docker"
                },
                "docker_network.private_network": {
                    "type": "docker_network",
                    "depends_on": [],
                    "primary": {
                        "id": "246c2956f03947d9f8d38f3682ad1989de53e225bc9998e578bd3c98d4ca3a2e",
                        "attributes": {
                            "check_duplicate": "true",
                            "driver": "bridge",
                            "id": "246c2956f03947d9f8d38f3682ad1989de53e225bc9998e578bd3c98d4ca3a2e",
                            "internal": "false",
                            "ipam_config.#": "1",
                            "ipam_config.3130635288.aux_address.%": "0",
                            "ipam_config.3130635288.gateway": "172.77.5.254",
                            "ipam_config.3130635288.ip_range": "",
                            "ipam_config.3130635288.subnet": "172.77.5.0/24",
                            "name": "monet",
                            "options.%": "0",
                            "scope": "local"
                        },
                        "meta": {},
                        "tainted": false
                    },
                    "deposed": [],
                    "provider": "provider.docker"
                }
            },
            "depends_on": []
        }
    ]
}
