{
    "version": 3,
    "terraform_version": "0.11.8",
    "serial": 68,
    "lineage": "cf83ce6b-1528-a8be-b6c7-bc47998db0f8",
    "modules": [
        {
            "path": [
                "root"
            ],
            "outputs": {},
            "resources": {
                "docker_container.evm-lite": {
                    "type": "docker_container",
                    "depends_on": [
                        "docker_network.private_network"
                    ],
                    "primary": {
                        "id": "96374f73e615e178698d2854f3b74c0f8617837b484b520d5986004960d21c59",
                        "attributes": {
                            "bridge": "",
                            "command.#": "1",
                            "command.0": "solo",
                            "gateway": "172.17.0.1",
                            "id": "96374f73e615e178698d2854f3b74c0f8617837b484b520d5986004960d21c59",
                            "image": "mosaicnetworks/evm-lite:0.1.0",
                            "ip_address": "172.17.0.2",
                            "ip_prefix_length": "16",
                            "log_driver": "json-file",
                            "must_run": "true",
                            "name": "node0",
                            "networks.#": "1",
                            "networks.3379457881": "monet",
                            "publish_all_ports": "true",
                            "restart": "no"
                        },
                        "meta": {},
                        "tainted": false
                    },
                    "deposed": [],
                    "provider": "provider.docker"
                },
                "docker_network.private_network": {
                    "type": "docker_network",
                    "depends_on": [],
                    "primary": {
                        "id": "b48164ef9ff33e55adfbbd4ad317a4d90c3704347fb3b125ca0da8b5ed0ae11d",
                        "attributes": {
                            "check_duplicate": "true",
                            "driver": "bridge",
                            "id": "b48164ef9ff33e55adfbbd4ad317a4d90c3704347fb3b125ca0da8b5ed0ae11d",
                            "internal": "false",
                            "ipam_config.#": "1",
                            "ipam_config.3130635288.aux_address.%": "0",
                            "ipam_config.3130635288.gateway": "172.77.5.254",
                            "ipam_config.3130635288.ip_range": "",
                            "ipam_config.3130635288.subnet": "172.77.5.0/24",
                            "name": "monet",
                            "options.%": "0",
                            "scope": "local"
                        },
                        "meta": {},
                        "tainted": false
                    },
                    "deposed": [],
                    "provider": "provider.docker"
                }
            },
            "depends_on": []
        }
    ]
}
