{
    "version": 3,
    "terraform_version": "0.11.14",
    "serial": 9,
    "lineage": "a5bdd3f3-9c15-79b4-e161-9ada66d7b486",
    "modules": [
        {
            "path": [
                "root"
            ],
            "outputs": {
                "public_addresses": {
                    "sensitive": false,
                    "type": "list",
                    "value": [
                        "172.77.5.3",
                        "172.77.5.8",
                        "172.77.5.2",
                        "172.77.5.7",
                        "172.77.5.6",
                        "172.77.5.9",
                        "172.77.5.5",
                        "172.77.5.10",
                        "172.77.5.1",
                        "172.77.5.4"
                    ]
                }
            },
            "resources": {
                "docker_container.evm-lite.0": {
                    "type": "docker_container",
                    "depends_on": [
                        "docker_network.private_network"
                    ],
                    "primary": {
                        "id": "1d0442d68b2bec5bac8b695acaf8ce5fc8bac3f33906a592434246cb6bec332a",
                        "attributes": {
                            "attach": "false",
                            "bridge": "",
                            "entrypoint.#": "3",
                            "entrypoint.0": "evml",
                            "entrypoint.1": "run",
                            "entrypoint.2": "babble",
                            "env.#": "1",
                            "env.1084194512": "HOME=/home/1000",
                            "gateway": "172.77.5.254",
                            "hostname": "node0",
                            "id": "1d0442d68b2bec5bac8b695acaf8ce5fc8bac3f33906a592434246cb6bec332a",
                            "image": "mosaicnetworks/evm-lite:0.2.0",
                            "ip_address": "172.77.5.3",
                            "ip_prefix_length": "24",
                            "log_driver": "json-file",
                            "logs": "false",
                            "must_run": "true",
                            "name": "node0",
                            "network_data.#": "1",
                            "network_data.0.gateway": "172.77.5.254",
                            "network_data.0.ip_address": "172.77.5.3",
                            "network_data.0.ip_prefix_length": "24",
                            "network_data.0.network_name": "monet",
                            "networks.#": "1",
                            "networks.3379457881": "monet",
                            "ports.#": "0",
                            "restart": "no",
                            "rm": "false",
                            "start": "true",
                            "user": "1000",
                            "volumes.#": "1",
                            "volumes.3770043960.container_path": "/home/1000/.evm-lite",
                            "volumes.3770043960.from_container": "",
                            "volumes.3770043960.host_path": "/home/jon/go/src/github.com/mosaicnetworks/evm-lite/deploy/terraform/local/../../conf/babble/conf/node0",
                            "volumes.3770043960.read_only": "false",
                            "volumes.3770043960.volume_name": ""
                        },
                        "meta": {
                            "schema_version": "1"
                        },
                        "tainted": false
                    },
                    "deposed": [],
                    "provider": "provider.docker"
                },
                "docker_container.evm-lite.1": {
                    "type": "docker_container",
                    "depends_on": [
                        "docker_network.private_network"
                    ],
                    "primary": {
                        "id": "18ab2a381f2b2a1f1f142d4d59edd410abc246126fb96daae87a6bf3e76d041d",
                        "attributes": {
                            "attach": "false",
                            "bridge": "",
                            "entrypoint.#": "3",
                            "entrypoint.0": "evml",
                            "entrypoint.1": "run",
                            "entrypoint.2": "babble",
                            "env.#": "1",
                            "env.1084194512": "HOME=/home/1000",
                            "gateway": "172.77.5.254",
                            "hostname": "node1",
                            "id": "18ab2a381f2b2a1f1f142d4d59edd410abc246126fb96daae87a6bf3e76d041d",
                            "image": "mosaicnetworks/evm-lite:0.2.0",
                            "ip_address": "172.77.5.8",
                            "ip_prefix_length": "24",
                            "log_driver": "json-file",
                            "logs": "false",
                            "must_run": "true",
                            "name": "node1",
                            "network_data.#": "1",
                            "network_data.0.gateway": "172.77.5.254",
                            "network_data.0.ip_address": "172.77.5.8",
                            "network_data.0.ip_prefix_length": "24",
                            "network_data.0.network_name": "monet",
                            "networks.#": "1",
                            "networks.3379457881": "monet",
                            "ports.#": "0",
                            "restart": "no",
                            "rm": "false",
                            "start": "true",
                            "user": "1000",
                            "volumes.#": "1",
                            "volumes.2386187641.container_path": "/home/1000/.evm-lite",
                            "volumes.2386187641.from_container": "",
                            "volumes.2386187641.host_path": "/home/jon/go/src/github.com/mosaicnetworks/evm-lite/deploy/terraform/local/../../conf/babble/conf/node1",
                            "volumes.2386187641.read_only": "false",
                            "volumes.2386187641.volume_name": ""
                        },
                        "meta": {
                            "schema_version": "1"
                        },
                        "tainted": false
                    },
                    "deposed": [],
                    "provider": "provider.docker"
                },
                "docker_container.evm-lite.2": {
                    "type": "docker_container",
                    "depends_on": [
                        "docker_network.private_network"
                    ],
                    "primary": {
                        "id": "01df8c55e0f0635163a010864e41250812aa43cfdc703c92f2b67cce32be56ff",
                        "attributes": {
                            "attach": "false",
                            "bridge": "",
                            "entrypoint.#": "3",
                            "entrypoint.0": "evml",
                            "entrypoint.1": "run",
                            "entrypoint.2": "babble",
                            "env.#": "1",
                            "env.1084194512": "HOME=/home/1000",
                            "gateway": "172.77.5.254",
                            "hostname": "node2",
                            "id": "01df8c55e0f0635163a010864e41250812aa43cfdc703c92f2b67cce32be56ff",
                            "image": "mosaicnetworks/evm-lite:0.2.0",
                            "ip_address": "172.77.5.2",
                            "ip_prefix_length": "24",
                            "log_driver": "json-file",
                            "logs": "false",
                            "must_run": "true",
                            "name": "node2",
                            "network_data.#": "1",
                            "network_data.0.gateway": "172.77.5.254",
                            "network_data.0.ip_address": "172.77.5.2",
                            "network_data.0.ip_prefix_length": "24",
                            "network_data.0.network_name": "monet",
                            "networks.#": "1",
                            "networks.3379457881": "monet",
                            "ports.#": "0",
                            "restart": "no",
                            "rm": "false",
                            "start": "true",
                            "user": "1000",
                            "volumes.#": "1",
                            "volumes.1034844346.container_path": "/home/1000/.evm-lite",
                            "volumes.1034844346.from_container": "",
                            "volumes.1034844346.host_path": "/home/jon/go/src/github.com/mosaicnetworks/evm-lite/deploy/terraform/local/../../conf/babble/conf/node2",
                            "volumes.1034844346.read_only": "false",
                            "volumes.1034844346.volume_name": ""
                        },
                        "meta": {
                            "schema_version": "1"
                        },
                        "tainted": false
                    },
                    "deposed": [],
                    "provider": "provider.docker"
                },
                "docker_container.evm-lite.3": {
                    "type": "docker_container",
                    "depends_on": [
                        "docker_network.private_network"
                    ],
                    "primary": {
                        "id": "1b3302d5093d44e41f4c9cadd95c77848331d72f80968698aac8f4a8fba99c7c",
                        "attributes": {
                            "attach": "false",
                            "bridge": "",
                            "entrypoint.#": "3",
                            "entrypoint.0": "evml",
                            "entrypoint.1": "run",
                            "entrypoint.2": "babble",
                            "env.#": "1",
                            "env.1084194512": "HOME=/home/1000",
                            "gateway": "172.77.5.254",
                            "hostname": "node3",
                            "id": "1b3302d5093d44e41f4c9cadd95c77848331d72f80968698aac8f4a8fba99c7c",
                            "image": "mosaicnetworks/evm-lite:0.2.0",
                            "ip_address": "172.77.5.7",
                            "ip_prefix_length": "24",
                            "log_driver": "json-file",
                            "logs": "false",
                            "must_run": "true",
                            "name": "node3",
                            "network_data.#": "1",
                            "network_data.0.gateway": "172.77.5.254",
                            "network_data.0.ip_address": "172.77.5.7",
                            "network_data.0.ip_prefix_length": "24",
                            "network_data.0.network_name": "monet",
                            "networks.#": "1",
                            "networks.3379457881": "monet",
                            "ports.#": "0",
                            "restart": "no",
                            "rm": "false",
                            "start": "true",
                            "user": "1000",
                            "volumes.#": "1",
                            "volumes.1394762747.container_path": "/home/1000/.evm-lite",
                            "volumes.1394762747.from_container": "",
                            "volumes.1394762747.host_path": "/home/jon/go/src/github.com/mosaicnetworks/evm-lite/deploy/terraform/local/../../conf/babble/conf/node3",
                            "volumes.1394762747.read_only": "false",
                            "volumes.1394762747.volume_name": ""
                        },
                        "meta": {
                            "schema_version": "1"
                        },
                        "tainted": false
                    },
                    "deposed": [],
                    "provider": "provider.docker"
                },
                "docker_container.evm-lite.4": {
                    "type": "docker_container",
                    "depends_on": [
                        "docker_network.private_network"
                    ],
                    "primary": {
                        "id": "eff653f1a37e928a408cef3f1b14b6644c14a18785da9a2c148b0fb61565b8de",
                        "attributes": {
                            "attach": "false",
                            "bridge": "",
                            "entrypoint.#": "3",
                            "entrypoint.0": "evml",
                            "entrypoint.1": "run",
                            "entrypoint.2": "babble",
                            "env.#": "1",
                            "env.1084194512": "HOME=/home/1000",
                            "gateway": "172.77.5.254",
                            "hostname": "node4",
                            "id": "eff653f1a37e928a408cef3f1b14b6644c14a18785da9a2c148b0fb61565b8de",
                            "image": "mosaicnetworks/evm-lite:0.2.0",
                            "ip_address": "172.77.5.6",
                            "ip_prefix_length": "24",
                            "log_driver": "json-file",
                            "logs": "false",
                            "must_run": "true",
                            "name": "node4",
                            "network_data.#": "1",
                            "network_data.0.gateway": "172.77.5.254",
                            "network_data.0.ip_address": "172.77.5.6",
                            "network_data.0.ip_prefix_length": "24",
                            "network_data.0.network_name": "monet",
                            "networks.#": "1",
                            "networks.3379457881": "monet",
                            "ports.#": "0",
                            "restart": "no",
                            "rm": "false",
                            "start": "true",
                            "user": "1000",
                            "volumes.#": "1",
                            "volumes.2180457853.container_path": "/home/1000/.evm-lite",
                            "volumes.2180457853.from_container": "",
                            "volumes.2180457853.host_path": "/home/jon/go/src/github.com/mosaicnetworks/evm-lite/deploy/terraform/local/../../conf/babble/conf/node4",
                            "volumes.2180457853.read_only": "false",
                            "volumes.2180457853.volume_name": ""
                        },
                        "meta": {
                            "schema_version": "1"
                        },
                        "tainted": false
                    },
                    "deposed": [],
                    "provider": "provider.docker"
                },
                "docker_container.evm-lite.5": {
                    "type": "docker_container",
                    "depends_on": [
                        "docker_network.private_network"
                    ],
                    "primary": {
                        "id": "fa15cbbe6178f7022c66a61923c8e8ba017f4906d590173a811e18ec4fe02abf",
                        "attributes": {
                            "attach": "false",
                            "bridge": "",
                            "entrypoint.#": "3",
                            "entrypoint.0": "evml",
                            "entrypoint.1": "run",
                            "entrypoint.2": "babble",
                            "env.#": "1",
                            "env.1084194512": "HOME=/home/1000",
                            "gateway": "172.77.5.254",
                            "hostname": "node5",
                            "id": "fa15cbbe6178f7022c66a61923c8e8ba017f4906d590173a811e18ec4fe02abf",
                            "image": "mosaicnetworks/evm-lite:0.2.0",
                            "ip_address": "172.77.5.9",
                            "ip_prefix_length": "24",
                            "log_driver": "json-file",
                            "logs": "false",
                            "must_run": "true",
                            "name": "node5",
                            "network_data.#": "1",
                            "network_data.0.gateway": "172.77.5.254",
                            "network_data.0.ip_address": "172.77.5.9",
                            "network_data.0.ip_prefix_length": "24",
                            "network_data.0.network_name": "monet",
                            "networks.#": "1",
                            "networks.3379457881": "monet",
                            "ports.#": "0",
                            "restart": "no",
                            "rm": "false",
                            "start": "true",
                            "user": "1000",
                            "volumes.#": "1",
                            "volumes.4017831484.container_path": "/home/1000/.evm-lite",
                            "volumes.4017831484.from_container": "",
                            "volumes.4017831484.host_path": "/home/jon/go/src/github.com/mosaicnetworks/evm-lite/deploy/terraform/local/../../conf/babble/conf/node5",
                            "volumes.4017831484.read_only": "false",
                            "volumes.4017831484.volume_name": ""
                        },
                        "meta": {
                            "schema_version": "1"
                        },
                        "tainted": false
                    },
                    "deposed": [],
                    "provider": "provider.docker"
                },
                "docker_container.evm-lite.6": {
                    "type": "docker_container",
                    "depends_on": [
                        "docker_network.private_network"
                    ],
                    "primary": {
                        "id": "998a0d2edb54b93bad0a93f2d843c1aa8072e384601ca7bfaf9145f79dedcdd5",
                        "attributes": {
                            "attach": "false",
                            "bridge": "",
                            "entrypoint.#": "3",
                            "entrypoint.0": "evml",
                            "entrypoint.1": "run",
                            "entrypoint.2": "babble",
                            "env.#": "1",
                            "env.1084194512": "HOME=/home/1000",
                            "gateway": "172.77.5.254",
                            "hostname": "node6",
                            "id": "998a0d2edb54b93bad0a93f2d843c1aa8072e384601ca7bfaf9145f79dedcdd5",
                            "image": "mosaicnetworks/evm-lite:0.2.0",
                            "ip_address": "172.77.5.5",
                            "ip_prefix_length": "24",
                            "log_driver": "json-file",
                            "logs": "false",
                            "must_run": "true",
                            "name": "node6",
                            "network_data.#": "1",
                            "network_data.0.gateway": "172.77.5.254",
                            "network_data.0.ip_address": "172.77.5.5",
                            "network_data.0.ip_prefix_length": "24",
                            "network_data.0.network_name": "monet",
                            "networks.#": "1",
                            "networks.3379457881": "monet",
                            "ports.#": "0",
                            "restart": "no",
                            "rm": "false",
                            "start": "true",
                            "user": "1000",
                            "volumes.#": "1",
                            "volumes.1559172095.container_path": "/home/1000/.evm-lite",
                            "volumes.1559172095.from_container": "",
                            "volumes.1559172095.host_path": "/home/jon/go/src/github.com/mosaicnetworks/evm-lite/deploy/terraform/local/../../conf/babble/conf/node6",
                            "volumes.1559172095.read_only": "false",
                            "volumes.1559172095.volume_name": ""
                        },
                        "meta": {
                            "schema_version": "1"
                        },
                        "tainted": false
                    },
                    "deposed": [],
                    "provider": "provider.docker"
                },
                "docker_container.evm-lite.7": {
                    "type": "docker_container",
                    "depends_on": [
                        "docker_network.private_network"
                    ],
                    "primary": {
                        "id": "1dfa8a4c3d1eb988be8aa3206d7b0ff9bb9a9959d5fa6737d6085bf332af9c76",
                        "attributes": {
                            "attach": "false",
                            "bridge": "",
                            "entrypoint.#": "3",
                            "entrypoint.0": "evml",
                            "entrypoint.1": "run",
                            "entrypoint.2": "babble",
                            "env.#": "1",
                            "env.1084194512": "HOME=/home/1000",
                            "gateway": "172.77.5.254",
                            "hostname": "node7",
                            "id": "1dfa8a4c3d1eb988be8aa3206d7b0ff9bb9a9959d5fa6737d6085bf332af9c76",
                            "image": "mosaicnetworks/evm-lite:0.2.0",
                            "ip_address": "172.77.5.10",
                            "ip_prefix_length": "24",
                            "log_driver": "json-file",
                            "logs": "false",
                            "must_run": "true",
                            "name": "node7",
                            "network_data.#": "1",
                            "network_data.0.gateway": "172.77.5.254",
                            "network_data.0.ip_address": "172.77.5.10",
                            "network_data.0.ip_prefix_length": "24",
                            "network_data.0.network_name": "monet",
                            "networks.#": "1",
                            "networks.3379457881": "monet",
                            "ports.#": "0",
                            "restart": "no",
                            "rm": "false",
                            "start": "true",
                            "user": "1000",
                            "volumes.#": "1",
                            "volumes.845351102.container_path": "/home/1000/.evm-lite",
                            "volumes.845351102.from_container": "",
                            "volumes.845351102.host_path": "/home/jon/go/src/github.com/mosaicnetworks/evm-lite/deploy/terraform/local/../../conf/babble/conf/node7",
                            "volumes.845351102.read_only": "false",
                            "volumes.845351102.volume_name": ""
                        },
                        "meta": {
                            "schema_version": "1"
                        },
                        "tainted": false
                    },
                    "deposed": [],
                    "provider": "provider.docker"
                },
                "docker_container.evm-lite.8": {
                    "type": "docker_container",
                    "depends_on": [
                        "docker_network.private_network"
                    ],
                    "primary": {
                        "id": "cb673f4bd0c2799bdeeae9a1958d80d093b324772dfa9f2e6841413654d136c1",
                        "attributes": {
                            "attach": "false",
                            "bridge": "",
                            "entrypoint.#": "3",
                            "entrypoint.0": "evml",
                            "entrypoint.1": "run",
                            "entrypoint.2": "babble",
                            "env.#": "1",
                            "env.1084194512": "HOME=/home/1000",
                            "gateway": "172.77.5.254",
                            "hostname": "node8",
                            "id": "cb673f4bd0c2799bdeeae9a1958d80d093b324772dfa9f2e6841413654d136c1",
                            "image": "mosaicnetworks/evm-lite:0.2.0",
                            "ip_address": "172.77.5.1",
                            "ip_prefix_length": "24",
                            "log_driver": "json-file",
                            "logs": "false",
                            "must_run": "true",
                            "name": "node8",
                            "network_data.#": "1",
                            "network_data.0.gateway": "172.77.5.254",
                            "network_data.0.ip_address": "172.77.5.1",
                            "network_data.0.ip_prefix_length": "24",
                            "network_data.0.network_name": "monet",
                            "networks.#": "1",
                            "networks.3379457881": "monet",
                            "ports.#": "0",
                            "restart": "no",
                            "rm": "false",
                            "start": "true",
                            "user": "1000",
                            "volumes.#": "1",
                            "volumes.573872306.container_path": "/home/1000/.evm-lite",
                            "volumes.573872306.from_container": "",
                            "volumes.573872306.host_path": "/home/jon/go/src/github.com/mosaicnetworks/evm-lite/deploy/terraform/local/../../conf/babble/conf/node8",
                            "volumes.573872306.read_only": "false",
                            "volumes.573872306.volume_name": ""
                        },
                        "meta": {
                            "schema_version": "1"
                        },
                        "tainted": false
                    },
                    "deposed": [],
                    "provider": "provider.docker"
                },
                "docker_container.evm-lite.9": {
                    "type": "docker_container",
                    "depends_on": [
                        "docker_network.private_network"
                    ],
                    "primary": {
                        "id": "9d932be9b745341c6347b14951998b6d31372013bdcbc7056f366afb2019103e",
                        "attributes": {
                            "attach": "false",
                            "bridge": "",
                            "entrypoint.#": "3",
                            "entrypoint.0": "evml",
                            "entrypoint.1": "run",
                            "entrypoint.2": "babble",
                            "env.#": "1",
                            "env.1084194512": "HOME=/home/1000",
                            "gateway": "172.77.5.254",
                            "hostname": "node9",
                            "id": "9d932be9b745341c6347b14951998b6d31372013bdcbc7056f366afb2019103e",
                            "image": "mosaicnetworks/evm-lite:0.2.0",
                            "ip_address": "172.77.5.4",
                            "ip_prefix_length": "24",
                            "log_driver": "json-file",
                            "logs": "false",
                            "must_run": "true",
                            "name": "node9",
                            "network_data.#": "1",
                            "network_data.0.gateway": "172.77.5.254",
                            "network_data.0.ip_address": "172.77.5.4",
                            "network_data.0.ip_prefix_length": "24",
                            "network_data.0.network_name": "monet",
                            "networks.#": "1",
                            "networks.3379457881": "monet",
                            "ports.#": "0",
                            "restart": "no",
                            "rm": "false",
                            "start": "true",
                            "user": "1000",
                            "volumes.#": "1",
                            "volumes.1287160819.container_path": "/home/1000/.evm-lite",
                            "volumes.1287160819.from_container": "",
                            "volumes.1287160819.host_path": "/home/jon/go/src/github.com/mosaicnetworks/evm-lite/deploy/terraform/local/../../conf/babble/conf/node9",
                            "volumes.1287160819.read_only": "false",
                            "volumes.1287160819.volume_name": ""
                        },
                        "meta": {
                            "schema_version": "1"
                        },
                        "tainted": false
                    },
                    "deposed": [],
                    "provider": "provider.docker"
                },
                "docker_network.private_network": {
                    "type": "docker_network",
                    "depends_on": [],
                    "primary": {
                        "id": "52136337cf89948a7ffcd127767088c87722dcb288b3f7fec33cd58568f2283b",
                        "attributes": {
                            "attachable": "false",
                            "check_duplicate": "true",
                            "driver": "bridge",
                            "id": "52136337cf89948a7ffcd127767088c87722dcb288b3f7fec33cd58568f2283b",
                            "ingress": "false",
                            "internal": "false",
                            "ipam_config.#": "1",
                            "ipam_config.3130635288.aux_address.%": "0",
                            "ipam_config.3130635288.gateway": "172.77.5.254",
                            "ipam_config.3130635288.ip_range": "",
                            "ipam_config.3130635288.subnet": "172.77.5.0/24",
                            "ipv6": "false",
                            "name": "monet",
                            "options.%": "0",
                            "scope": "local"
                        },
                        "meta": {},
                        "tainted": false
                    },
                    "deposed": [],
                    "provider": "provider.docker"
                }
            },
            "depends_on": []
        }
    ]
}
